
Microsoft Visual Studio Solution File, Format Version 12.00
# Visual Studio Version 16
VisualStudioVersion = 16.0.32630.194
MinimumVisualStudioVersion = 10.0.40219.1
Project("{FAE04EC0-301F-11D3-BF4B-00C04F79EFBC}") = "SPMT", "SPMT\SPMT.csproj", "{6F736BB8-2C0E-4782-9CDB-416FC3A7BC01}"
EndProject
Project("{00D1A9C2-B5F0-4AF3-8072-F6C62B433612}") = "Database1", "Database1\Database1.sqlproj", "{8A8CDE38-4515-4790-9E15-B1B50D46103A}"
EndProject
Global
	GlobalSection(SolutionConfigurationPlatforms) = preSolution
		Debug|Any CPU = Debug|Any CPU
		Release|Any CPU = Release|Any CPU
	EndGlobalSection
	GlobalSection(ProjectConfigurationPlatforms) = postSolution
		{6F736BB8-2C0E-4782-9CDB-416FC3A7BC01}.Debug|Any CPU.ActiveCfg = Debug|Any CPU
		{6F736BB8-2C0E-4782-9CDB-416FC3A7BC01}.Debug|Any CPU.Build.0 = Debug|Any CPU
		{6F736BB8-2C0E-4782-9CDB-416FC3A7BC01}.Release|Any CPU.ActiveCfg = Release|Any CPU
		{6F736BB8-2C0E-4782-9CDB-416FC3A7BC01}.Release|Any CPU.Build.0 = Release|Any CPU
		{8A8CDE38-4515-4790-9E15-B1B50D46103A}.Debug|Any CPU.ActiveCfg = Debug|Any CPU
		{8A8CDE38-4515-4790-9E15-B1B50D46103A}.Debug|Any CPU.Build.0 = Debug|Any CPU
		{8A8CDE38-4515-4790-9E15-B1B50D46103A}.Debug|Any CPU.Deploy.0 = Debug|Any CPU
		{8A8CDE38-4515-4790-9E15-B1B50D46103A}.Release|Any CPU.ActiveCfg = Release|Any CPU
		{8A8CDE38-4515-4790-9E15-B1B50D46103A}.Release|Any CPU.Build.0 = Release|Any CPU
		{8A8CDE38-4515-4790-9E15-B1B50D46103A}.Release|Any CPU.Deploy.0 = Release|Any CPU
	EndGlobalSection
	GlobalSection(SolutionProperties) = preSolution
		HideSolutionNode = FALSE
	EndGlobalSection
	GlobalSection(ExtensibilityGlobals) = postSolution
		SolutionGuid = {EABB7A0C-6C4D-40E7-978D-209580F5A854}
	EndGlobalSection
EndGlobal
